// !$*UTF8*$!
{
	archiveVersion = 1;
	classes = {
	};
	objectVersion = 50;
	objects = {

/* Begin PBXBuildFile section */
		9823480B17389C056F4AEBC1 /* Pods_Todoey.framework in Frameworks */ = {isa = PBXBuildFile; fileRef = 289626AEC568A42E9E6BFFDD /* Pods_Todoey.framework */; };
		B8EF4F2220EAB91A0083E0D8 /* AppDelegate.swift in Sources */ = {isa = PBXBuildFile; fileRef = B8EF4F2120EAB91A0083E0D8 /* AppDelegate.swift */; };
		B8EF4F2420EAB91A0083E0D8 /* TodoListViewController.swift in Sources */ = {isa = PBXBuildFile; fileRef = B8EF4F2320EAB91A0083E0D8 /* TodoListViewController.swift */; };
		B8EF4F2720EAB91A0083E0D8 /* Main.storyboard in Resources */ = {isa = PBXBuildFile; fileRef = B8EF4F2520EAB91A0083E0D8 /* Main.storyboard */; };
		B8EF4F2920EAB91D0083E0D8 /* Assets.xcassets in Resources */ = {isa = PBXBuildFile; fileRef = B8EF4F2820EAB91D0083E0D8 /* Assets.xcassets */; };
		B8EF4F2C20EAB91D0083E0D8 /* LaunchScreen.storyboard in Resources */ = {isa = PBXBuildFile; fileRef = B8EF4F2A20EAB91D0083E0D8 /* LaunchScreen.storyboard */; };
		B8EF4F3B20EC604B0083E0D8 /* DataModel.xcdatamodeld in Sources */ = {isa = PBXBuildFile; fileRef = B8EF4F3920EC604B0083E0D8 /* DataModel.xcdatamodeld */; };
		B8EF4F5E20ED6B8C0083E0D8 /* CategoryViewController.swift in Sources */ = {isa = PBXBuildFile; fileRef = B8EF4F5D20ED6B8C0083E0D8 /* CategoryViewController.swift */; };
/* End PBXBuildFile section */

/* Begin PBXFileReference section */
		289626AEC568A42E9E6BFFDD /* Pods_Todoey.framework */ = {isa = PBXFileReference; explicitFileType = wrapper.framework; includeInIndex = 0; path = Pods_Todoey.framework; sourceTree = BUILT_PRODUCTS_DIR; };
		4A1D697A0C3344DA83BEAB72 /* Pods-Todoey.debug.xcconfig */ = {isa = PBXFileReference; includeInIndex = 1; lastKnownFileType = text.xcconfig; name = "Pods-Todoey.debug.xcconfig"; path = "Pods/Target Support Files/Pods-Todoey/Pods-Todoey.debug.xcconfig"; sourceTree = "<group>"; };
		85D2C0B881FAE0A576344D12 /* Pods-Todoey.release.xcconfig */ = {isa = PBXFileReference; includeInIndex = 1; lastKnownFileType = text.xcconfig; name = "Pods-Todoey.release.xcconfig"; path = "Pods/Target Support Files/Pods-Todoey/Pods-Todoey.release.xcconfig"; sourceTree = "<group>"; };
		B8EF4F1E20EAB91A0083E0D8 /* Todoey.app */ = {isa = PBXFileReference; explicitFileType = wrapper.application; includeInIndex = 0; path = Todoey.app; sourceTree = BUILT_PRODUCTS_DIR; };
		B8EF4F2120EAB91A0083E0D8 /* AppDelegate.swift */ = {isa = PBXFileReference; lastKnownFileType = sourcecode.swift; path = AppDelegate.swift; sourceTree = "<group>"; };
		B8EF4F2320EAB91A0083E0D8 /* TodoListViewController.swift */ = {isa = PBXFileReference; lastKnownFileType = sourcecode.swift; path = TodoListViewController.swift; sourceTree = "<group>"; };
		B8EF4F2620EAB91A0083E0D8 /* Base */ = {isa = PBXFileReference; lastKnownFileType = file.storyboard; name = Base; path = Base.lproj/Main.storyboard; sourceTree = "<group>"; };
		B8EF4F2820EAB91D0083E0D8 /* Assets.xcassets */ = {isa = PBXFileReference; lastKnownFileType = folder.assetcatalog; path = Assets.xcassets; sourceTree = "<group>"; };
		B8EF4F2B20EAB91D0083E0D8 /* Base */ = {isa = PBXFileReference; lastKnownFileType = file.storyboard; name = Base; path = Base.lproj/LaunchScreen.storyboard; sourceTree = "<group>"; };
		B8EF4F2D20EAB91D0083E0D8 /* Info.plist */ = {isa = PBXFileReference; lastKnownFileType = text.plist.xml; path = Info.plist; sourceTree = "<group>"; };
		B8EF4F3A20EC604B0083E0D8 /* DataModel.xcdatamodel */ = {isa = PBXFileReference; lastKnownFileType = wrapper.xcdatamodel; path = DataModel.xcdatamodel; sourceTree = "<group>"; };
		B8EF4F5D20ED6B8C0083E0D8 /* CategoryViewController.swift */ = {isa = PBXFileReference; lastKnownFileType = sourcecode.swift; path = CategoryViewController.swift; sourceTree = "<group>"; };
/* End PBXFileReference section */

/* Begin PBXFrameworksBuildPhase section */
		B8EF4F1B20EAB91A0083E0D8 /* Frameworks */ = {
			isa = PBXFrameworksBuildPhase;
			buildActionMask = 2147483647;
			files = (
				9823480B17389C056F4AEBC1 /* Pods_Todoey.framework in Frameworks */,
			);
			runOnlyForDeploymentPostprocessing = 0;
		};
/* End PBXFrameworksBuildPhase section */

/* Begin PBXGroup section */
		938D5552BBBCA85AD6394706 /* Frameworks */ = {
			isa = PBXGroup;
			children = (
				289626AEC568A42E9E6BFFDD /* Pods_Todoey.framework */,
			);
			name = Frameworks;
			sourceTree = "<group>";
		};
		959B2B2EBA0449D7F58AA788 /* Pods */ = {
			isa = PBXGroup;
			children = (
				4A1D697A0C3344DA83BEAB72 /* Pods-Todoey.debug.xcconfig */,
				85D2C0B881FAE0A576344D12 /* Pods-Todoey.release.xcconfig */,
			);
			name = Pods;
			sourceTree = "<group>";
		};
		B8EF4F1520EAB91A0083E0D8 = {
			isa = PBXGroup;
			children = (
				B8EF4F2020EAB91A0083E0D8 /* Todoey */,
				B8EF4F1F20EAB91A0083E0D8 /* Products */,
				959B2B2EBA0449D7F58AA788 /* Pods */,
				938D5552BBBCA85AD6394706 /* Frameworks */,
			);
			sourceTree = "<group>";
		};
		B8EF4F1F20EAB91A0083E0D8 /* Products */ = {
			isa = PBXGroup;
			children = (
				B8EF4F1E20EAB91A0083E0D8 /* Todoey.app */,
			);
			name = Products;
			sourceTree = "<group>";
		};
		B8EF4F2020EAB91A0083E0D8 /* Todoey */ = {
			isa = PBXGroup;
			children = (
				B8EF4F2120EAB91A0083E0D8 /* AppDelegate.swift */,
				B8EF4F3520EC2CFC0083E0D8 /* Data Model */,
				B8EF4F3620EC2D0D0083E0D8 /* Controllers */,
				B8EF4F3720EC2D1C0083E0D8 /* VIews */,
				B8EF4F3820EC2D340083E0D8 /* Supporting Files */,
				B8EF4F2D20EAB91D0083E0D8 /* Info.plist */,
			);
			path = Todoey;
			sourceTree = "<group>";
		};
		B8EF4F3520EC2CFC0083E0D8 /* Data Model */ = {
			isa = PBXGroup;
			children = (
				B8EF4F3920EC604B0083E0D8 /* DataModel.xcdatamodeld */,
			);
			path = "Data Model";
			sourceTree = "<group>";
		};
		B8EF4F3620EC2D0D0083E0D8 /* Controllers */ = {
			isa = PBXGroup;
			children = (
				B8EF4F5D20ED6B8C0083E0D8 /* CategoryViewController.swift */,
				B8EF4F2320EAB91A0083E0D8 /* TodoListViewController.swift */,
			);
			path = Controllers;
			sourceTree = "<group>";
		};
		B8EF4F3720EC2D1C0083E0D8 /* VIews */ = {
			isa = PBXGroup;
			children = (
				B8EF4F2520EAB91A0083E0D8 /* Main.storyboard */,
			);
			path = VIews;
			sourceTree = "<group>";
		};
		B8EF4F3820EC2D340083E0D8 /* Supporting Files */ = {
			isa = PBXGroup;
			children = (
				B8EF4F2820EAB91D0083E0D8 /* Assets.xcassets */,
				B8EF4F2A20EAB91D0083E0D8 /* LaunchScreen.storyboard */,
			);
			path = "Supporting Files";
			sourceTree = "<group>";
		};
/* End PBXGroup section */

/* Begin PBXNativeTarget section */
		B8EF4F1D20EAB91A0083E0D8 /* Todoey */ = {
			isa = PBXNativeTarget;
			buildConfigurationList = B8EF4F3020EAB91D0083E0D8 /* Build configuration list for PBXNativeTarget "Todoey" */;
			buildPhases = (
				3EFEBE24834D965BF758846B /* [CP] Check Pods Manifest.lock */,
				B8EF4F1A20EAB91A0083E0D8 /* Sources */,
				B8EF4F1B20EAB91A0083E0D8 /* Frameworks */,
				B8EF4F1C20EAB91A0083E0D8 /* Resources */,
				49AA573D308FC3CE664D8158 /* [CP] Embed Pods Frameworks */,
			);
			buildRules = (
			);
			dependencies = (
			);
			name = Todoey;
			productName = Todoey;
			productReference = B8EF4F1E20EAB91A0083E0D8 /* Todoey.app */;
			productType = "com.apple.product-type.application";
		};
/* End PBXNativeTarget section */

/* Begin PBXProject section */
		B8EF4F1620EAB91A0083E0D8 /* Project object */ = {
			isa = PBXProject;
			attributes = {
				LastSwiftUpdateCheck = 0940;
				LastUpgradeCheck = 0940;
				ORGANIZATIONNAME = "Akira Hasegawa";
				TargetAttributes = {
					B8EF4F1D20EAB91A0083E0D8 = {
						CreatedOnToolsVersion = 9.4.1;
					};
				};
			};
			buildConfigurationList = B8EF4F1920EAB91A0083E0D8 /* Build configuration list for PBXProject "Todoey" */;
			compatibilityVersion = "Xcode 9.3";
			developmentRegion = en;
			hasScannedForEncodings = 0;
			knownRegions = (
				en,
				Base,
			);
			mainGroup = B8EF4F1520EAB91A0083E0D8;
			productRefGroup = B8EF4F1F20EAB91A0083E0D8 /* Products */;
			projectDirPath = "";
			projectRoot = "";
			targets = (
				B8EF4F1D20EAB91A0083E0D8 /* Todoey */,
			);
		};
/* End PBXProject section */

/* Begin PBXResourcesBuildPhase section */
		B8EF4F1C20EAB91A0083E0D8 /* Resources */ = {
			isa = PBXResourcesBuildPhase;
			buildActionMask = 2147483647;
			files = (
				B8EF4F2C20EAB91D0083E0D8 /* LaunchScreen.storyboard in Resources */,
				B8EF4F2920EAB91D0083E0D8 /* Assets.xcassets in Resources */,
				B8EF4F2720EAB91A0083E0D8 /* Main.storyboard in Resources */,
			);
			runOnlyForDeploymentPostprocessing = 0;
		};
/* End PBXResourcesBuildPhase section */

/* Begin PBXShellScriptBuildPhase section */
		3EFEBE24834D965BF758846B /* [CP] Check Pods Manifest.lock */ = {
			isa = PBXShellScriptBuildPhase;
			buildActionMask = 2147483647;
			files = (
			);
			inputPaths = (
				"${PODS_PODFILE_DIR_PATH}/Podfile.lock",
				"${PODS_ROOT}/Manifest.lock",
			);
			name = "[CP] Check Pods Manifest.lock";
			outputPaths = (
				"$(DERIVED_FILE_DIR)/Pods-Todoey-checkManifestLockResult.txt",
			);
			runOnlyForDeploymentPostprocessing = 0;
			shellPath = /bin/sh;
			shellScript = "diff \"${PODS_PODFILE_DIR_PATH}/Podfile.lock\" \"${PODS_ROOT}/Manifest.lock\" > /dev/null\nif [ $? != 0 ] ; then\n    # print error to STDERR\n    echo \"error: The sandbox is not in sync with the Podfile.lock. Run 'pod install' or update your CocoaPods installation.\" >&2\n    exit 1\nfi\n# This output is used by Xcode 'outputs' to avoid re-running this script phase.\necho \"SUCCESS\" > \"${SCRIPT_OUTPUT_FILE_0}\"\n";
			showEnvVarsInLog = 0;
		};
		49AA573D308FC3CE664D8158 /* [CP] Embed Pods Frameworks */ = {
			isa = PBXShellScriptBuildPhase;
			buildActionMask = 2147483647;
			files = (
			);
			inputPaths = (
				"${SRCROOT}/Pods/Target Support Files/Pods-Todoey/Pods-Todoey-frameworks.sh",
				"${BUILT_PRODUCTS_DIR}/Realm/Realm.framework",
				"${BUILT_PRODUCTS_DIR}/RealmSwift/RealmSwift.framework",
			);
			name = "[CP] Embed Pods Frameworks";
			outputPaths = (
				"${TARGET_BUILD_DIR}/${FRAMEWORKS_FOLDER_PATH}/Realm.framework",
				"${TARGET_BUILD_DIR}/${FRAMEWORKS_FOLDER_PATH}/RealmSwift.framework",
			);
			runOnlyForDeploymentPostprocessing = 0;
			shellPath = /bin/sh;
			shellScript = "\"${SRCROOT}/Pods/Target Support Files/Pods-Todoey/Pods-Todoey-frameworks.sh\"\n";
			showEnvVarsInLog = 0;
		};
/* End PBXShellScriptBuildPhase section */

/* Begin PBXSourcesBuildPhase section */
		B8EF4F1A20EAB91A0083E0D8 /* Sources */ = {
			isa = PBXSourcesBuildPhase;
			buildActionMask = 2147483647;
			files = (
				B8EF4F5E20ED6B8C0083E0D8 /* CategoryViewController.swift in Sources */,
				B8EF4F2420EAB91A0083E0D8 /* TodoListViewController.swift in Sources */,
				B8EF4F3B20EC604B0083E0D8 /* DataModel.xcdatamodeld in Sources */,
				B8EF4F2220EAB91A0083E0D8 /* AppDelegate.swift in Sources */,
			);
			runOnlyForDeploymentPostprocessing = 0;
		};
/* End PBXSourcesBuildPhase section */

/* Begin PBXVariantGroup section */
		B8EF4F2520EAB91A0083E0D8 /* Main.storyboard */ = {
			isa = PBXVariantGroup;
			children = (
				B8EF4F2620EAB91A0083E0D8 /* Base */,
			);
			name = Main.storyboard;
			sourceTree = "<group>";
		};
		B8EF4F2A20EAB91D0083E0D8 /* LaunchScreen.storyboard */ = {
			isa = PBXVariantGroup;
			children = (
				B8EF4F2B20EAB91D0083E0D8 /* Base */,
			);
			name = LaunchScreen.storyboard;
			sourceTree = "<group>";
		};
/* End PBXVariantGroup section */

/* Begin XCBuildConfiguration section */
		B8EF4F2E20EAB91D0083E0D8 /* Debug */ = {
			isa = XCBuildConfiguration;
			buildSettings = {
				ALWAYS_SEARCH_USER_PATHS = NO;
				CLANG_ANALYZER_NONNULL = YES;
				CLANG_ANALYZER_NUMBER_OBJECT_CONVERSION = YES_AGGRESSIVE;
				CLANG_CXX_LANGUAGE_STANDARD = "gnu++14";
				CLANG_CXX_LIBRARY = "libc++";
				CLANG_ENABLE_MODULES = YES;
				CLANG_ENABLE_OBJC_ARC = YES;
				CLANG_ENABLE_OBJC_WEAK = YES;
				CLANG_WARN_BLOCK_CAPTURE_AUTORELEASING = YES;
				CLANG_WARN_BOOL_CONVERSION = YES;
				CLANG_WARN_COMMA = YES;
				CLANG_WARN_CONSTANT_CONVERSION = YES;
				CLANG_WARN_DEPRECATED_OBJC_IMPLEMENTATIONS = YES;
				CLANG_WARN_DIRECT_OBJC_ISA_USAGE = YES_ERROR;
				CLANG_WARN_DOCUMENTATION_COMMENTS = YES;
				CLANG_WARN_EMPTY_BODY = YES;
				CLANG_WARN_ENUM_CONVERSION = YES;
				CLANG_WARN_INFINITE_RECURSION = YES;
				CLANG_WARN_INT_CONVERSION = YES;
				CLANG_WARN_NON_LITERAL_NULL_CONVERSION = YES;
				CLANG_WARN_OBJC_IMPLICIT_RETAIN_SELF = YES;
				CLANG_WARN_OBJC_LITERAL_CONVERSION = YES;
				CLANG_WARN_OBJC_ROOT_CLASS = YES_ERROR;
				CLANG_WARN_RANGE_LOOP_ANALYSIS = YES;
				CLANG_WARN_STRICT_PROTOTYPES = YES;
				CLANG_WARN_SUSPICIOUS_MOVE = YES;
				CLANG_WARN_UNGUARDED_AVAILABILITY = YES_AGGRESSIVE;
				CLANG_WARN_UNREACHABLE_CODE = YES;
				CLANG_WARN__DUPLICATE_METHOD_MATCH = YES;
				CODE_SIGN_IDENTITY = "iPhone Developer";
				COPY_PHASE_STRIP = NO;
				DEBUG_INFORMATION_FORMAT = dwarf;
				ENABLE_STRICT_OBJC_MSGSEND = YES;
				ENABLE_TESTABILITY = YES;
				GCC_C_LANGUAGE_STANDARD = gnu11;
				GCC_DYNAMIC_NO_PIC = NO;
				GCC_NO_COMMON_BLOCKS = YES;
				GCC_OPTIMIZATION_LEVEL = 0;
				GCC_PREPROCESSOR_DEFINITIONS = (
					"DEBUG=1",
					"$(inherited)",
				);
				GCC_WARN_64_TO_32_BIT_CONVERSION = YES;
				GCC_WARN_ABOUT_RETURN_TYPE = YES_ERROR;
				GCC_WARN_UNDECLARED_SELECTOR = YES;
				GCC_WARN_UNINITIALIZED_AUTOS = YES_AGGRESSIVE;
				GCC_WARN_UNUSED_FUNCTION = YES;
				GCC_WARN_UNUSED_VARIABLE = YES;
				IPHONEOS_DEPLOYMENT_TARGET = 11.4;
				MTL_ENABLE_DEBUG_INFO = YES;
				ONLY_ACTIVE_ARCH = YES;
				SDKROOT = iphoneos;
				SWIFT_ACTIVE_COMPILATION_CONDITIONS = DEBUG;
				SWIFT_OPTIMIZATION_LEVEL = "-Onone";
			};
			name = Debug;
		};
		B8EF4F2F20EAB91D0083E0D8 /* Release */ = {
			isa = XCBuildConfiguration;
			buildSettings = {
				ALWAYS_SEARCH_USER_PATHS = NO;
				CLANG_ANALYZER_NONNULL = YES;
				CLANG_ANALYZER_NUMBER_OBJECT_CONVERSION = YES_AGGRESSIVE;
				CLANG_CXX_LANGUAGE_STANDARD = "gnu++14";
				CLANG_CXX_LIBRARY = "libc++";
				CLANG_ENABLE_MODULES = YES;
				CLANG_ENABLE_OBJC_ARC = YES;
				CLANG_ENABLE_OBJC_WEAK = YES;
				CLANG_WARN_BLOCK_CAPTURE_AUTORELEASING = YES;
				CLANG_WARN_BOOL_CONVERSION = YES;
				CLANG_WARN_COMMA = YES;
				CLANG_WARN_CONSTANT_CONVERSION = YES;
				CLANG_WARN_DEPRECATED_OBJC_IMPLEMENTATIONS = YES;
				CLANG_WARN_DIRECT_OBJC_ISA_USAGE = YES_ERROR;
				CLANG_WARN_DOCUMENTATION_COMMENTS = YES;
				CLANG_WARN_EMPTY_BODY = YES;
				CLANG_WARN_ENUM_CONVERSION = YES;
				CLANG_WARN_INFINITE_RECURSION = YES;
				CLANG_WARN_INT_CONVERSION = YES;
				CLANG_WARN_NON_LITERAL_NULL_CONVERSION = YES;
				CLANG_WARN_OBJC_IMPLICIT_RETAIN_SELF = YES;
				CLANG_WARN_OBJC_LITERAL_CONVERSION = YES;
				CLANG_WARN_OBJC_ROOT_CLASS = YES_ERROR;
				CLANG_WARN_RANGE_LOOP_ANALYSIS = YES;
				CLANG_WARN_STRICT_PROTOTYPES = YES;
				CLANG_WARN_SUSPICIOUS_MOVE = YES;
				CLANG_WARN_UNGUARDED_AVAILABILITY = YES_AGGRESSIVE;
				CLANG_WARN_UNREACHABLE_CODE = YES;
				CLANG_WARN__DUPLICATE_METHOD_MATCH = YES;
				CODE_SIGN_IDENTITY = "iPhone Developer";
				COPY_PHASE_STRIP = NO;
				DEBUG_INFORMATION_FORMAT = "dwarf-with-dsym";
				ENABLE_NS_ASSERTIONS = NO;
				ENABLE_STRICT_OBJC_MSGSEND = YES;
				GCC_C_LANGUAGE_STANDARD = gnu11;
				GCC_NO_COMMON_BLOCKS = YES;
				GCC_WARN_64_TO_32_BIT_CONVERSION = YES;
				GCC_WARN_ABOUT_RETURN_TYPE = YES_ERROR;
				GCC_WARN_UNDECLARED_SELECTOR = YES;
				GCC_WARN_UNINITIALIZED_AUTOS = YES_AGGRESSIVE;
				GCC_WARN_UNUSED_FUNCTION = YES;
				GCC_WARN_UNUSED_VARIABLE = YES;
				IPHONEOS_DEPLOYMENT_TARGET = 11.4;
				MTL_ENABLE_DEBUG_INFO = NO;
				SDKROOT = iphoneos;
				SWIFT_COMPILATION_MODE = wholemodule;
				SWIFT_OPTIMIZATION_LEVEL = "-O";
				VALIDATE_PRODUCT = YES;
			};
			name = Release;
		};
		B8EF4F3120EAB91D0083E0D8 /* Debug */ = {
			isa = XCBuildConfiguration;
			baseConfigurationReference = 4A1D697A0C3344DA83BEAB72 /* Pods-Todoey.debug.xcconfig */;
			buildSettings = {
				ASSETCATALOG_COMPILER_APPICON_NAME = AppIcon;
				CODE_SIGN_STYLE = Automatic;
				INFOPLIST_FILE = Todoey/Info.plist;
				LD_RUNPATH_SEARCH_PATHS = (
					"$(inherited)",
					"@executable_path/Frameworks",
				);
				PRODUCT_BUNDLE_IDENTIFIER = com.akiraudemy.Todoey;
				PRODUCT_NAME = "$(TARGET_NAME)";
				SWIFT_VERSION = 4.0;
				TARGETED_DEVICE_FAMILY = "1,2";
			};
			name = Debug;
		};
		B8EF4F3220EAB91D0083E0D8 /* Release */ = {
			isa = XCBuildConfiguration;
			baseConfigurationReference = 85D2C0B881FAE0A576344D12 /* Pods-Todoey.release.xcconfig */;
			buildSettings = {
				ASSETCATALOG_COMPILER_APPICON_NAME = AppIcon;
				CODE_SIGN_STYLE = Automatic;
				INFOPLIST_FILE = Todoey/Info.plist;
				LD_RUNPATH_SEARCH_PATHS = (
					"$(inherited)",
					"@executable_path/Frameworks",
				);
				PRODUCT_BUNDLE_IDENTIFIER = com.akiraudemy.Todoey;
				PRODUCT_NAME = "$(TARGET_NAME)";
				SWIFT_VERSION = 4.0;
				TARGETED_DEVICE_FAMILY = "1,2";
			};
			name = Release;
		};
/* End XCBuildConfiguration section */

/* Begin XCConfigurationList section */
		B8EF4F1920EAB91A0083E0D8 /* Build configuration list for PBXProject "Todoey" */ = {
			isa = XCConfigurationList;
			buildConfigurations = (
				B8EF4F2E20EAB91D0083E0D8 /* Debug */,
				B8EF4F2F20EAB91D0083E0D8 /* Release */,
			);
			defaultConfigurationIsVisible = 0;
			defaultConfigurationName = Release;
		};
		B8EF4F3020EAB91D0083E0D8 /* Build configuration list for PBXNativeTarget "Todoey" */ = {
			isa = XCConfigurationList;
			buildConfigurations = (
				B8EF4F3120EAB91D0083E0D8 /* Debug */,
				B8EF4F3220EAB91D0083E0D8 /* Release */,
			);
			defaultConfigurationIsVisible = 0;
			defaultConfigurationName = Release;
		};
/* End XCConfigurationList section */

/* Begin XCVersionGroup section */
		B8EF4F3920EC604B0083E0D8 /* DataModel.xcdatamodeld */ = {
			isa = XCVersionGroup;
			children = (
				B8EF4F3A20EC604B0083E0D8 /* DataModel.xcdatamodel */,
			);
			currentVersion = B8EF4F3A20EC604B0083E0D8 /* DataModel.xcdatamodel */;
			path = DataModel.xcdatamodeld;
			sourceTree = "<group>";
			versionGroupType = wrapper.xcdatamodel;
		};
/* End XCVersionGroup section */
	};
	rootObject = B8EF4F1620EAB91A0083E0D8 /* Project object */;
}
